// !$*UTF8*$!
{
	archiveVersion = 1;
	classes = {
	};
	objectVersion = 50;
	objects = {

/* Begin PBXBuildFile section */
		BFCF9D6124E5085C0025A7CA /* AppDelegate.swift in Sources */ = {isa = PBXBuildFile; fileRef = BFCF9D6024E5085C0025A7CA /* AppDelegate.swift */; };
		BFCF9D6324E5085C0025A7CA /* SceneDelegate.swift in Sources */ = {isa = PBXBuildFile; fileRef = BFCF9D6224E5085C0025A7CA /* SceneDelegate.swift */; };
		BFCF9D6524E5085C0025A7CA /* ViewController.swift in Sources */ = {isa = PBXBuildFile; fileRef = BFCF9D6424E5085C0025A7CA /* ViewController.swift */; };
		BFCF9D6824E5085C0025A7CA /* Main.storyboard in Resources */ = {isa = PBXBuildFile; fileRef = BFCF9D6624E5085C0025A7CA /* Main.storyboard */; };
		BFCF9D6A24E508600025A7CA /* Assets.xcassets in Resources */ = {isa = PBXBuildFile; fileRef = BFCF9D6924E508600025A7CA /* Assets.xcassets */; };
		BFCF9D6D24E508600025A7CA /* LaunchScreen.storyboard in Resources */ = {isa = PBXBuildFile; fileRef = BFCF9D6B24E508600025A7CA /* LaunchScreen.storyboard */; };
		BFCF9D7824E508600025A7CA /* MediaMagicAssessmentTests.swift in Sources */ = {isa = PBXBuildFile; fileRef = BFCF9D7724E508600025A7CA /* MediaMagicAssessmentTests.swift */; };
		BFCF9D8324E508600025A7CA /* MediaMagicAssessmentUITests.swift in Sources */ = {isa = PBXBuildFile; fileRef = BFCF9D8224E508600025A7CA /* MediaMagicAssessmentUITests.swift */; };
/* End PBXBuildFile section */

/* Begin PBXContainerItemProxy section */
		BFCF9D7424E508600025A7CA /* PBXContainerItemProxy */ = {
			isa = PBXContainerItemProxy;
			containerPortal = BFCF9D5524E5085C0025A7CA /* Project object */;
			proxyType = 1;
			remoteGlobalIDString = BFCF9D5C24E5085C0025A7CA;
			remoteInfo = MediaMagicAssessment;
		};
		BFCF9D7F24E508600025A7CA /* PBXContainerItemProxy */ = {
			isa = PBXContainerItemProxy;
			containerPortal = BFCF9D5524E5085C0025A7CA /* Project object */;
			proxyType = 1;
			remoteGlobalIDString = BFCF9D5C24E5085C0025A7CA;
			remoteInfo = MediaMagicAssessment;
		};
/* End PBXContainerItemProxy section */

/* Begin PBXFileReference section */
		BFCF9D5D24E5085C0025A7CA /* MediaMagicAssessment.app */ = {isa = PBXFileReference; explicitFileType = wrapper.application; includeInIndex = 0; path = MediaMagicAssessment.app; sourceTree = BUILT_PRODUCTS_DIR; };
		BFCF9D6024E5085C0025A7CA /* AppDelegate.swift */ = {isa = PBXFileReference; lastKnownFileType = sourcecode.swift; path = AppDelegate.swift; sourceTree = "<group>"; };
		BFCF9D6224E5085C0025A7CA /* SceneDelegate.swift */ = {isa = PBXFileReference; lastKnownFileType = sourcecode.swift; path = SceneDelegate.swift; sourceTree = "<group>"; };
		BFCF9D6424E5085C0025A7CA /* ViewController.swift */ = {isa = PBXFileReference; lastKnownFileType = sourcecode.swift; path = ViewController.swift; sourceTree = "<group>"; };
		BFCF9D6724E5085C0025A7CA /* Base */ = {isa = PBXFileReference; lastKnownFileType = file.storyboard; name = Base; path = Base.lproj/Main.storyboard; sourceTree = "<group>"; };
		BFCF9D6924E508600025A7CA /* Assets.xcassets */ = {isa = PBXFileReference; lastKnownFileType = folder.assetcatalog; path = Assets.xcassets; sourceTree = "<group>"; };
		BFCF9D6C24E508600025A7CA /* Base */ = {isa = PBXFileReference; lastKnownFileType = file.storyboard; name = Base; path = Base.lproj/LaunchScreen.storyboard; sourceTree = "<group>"; };
		BFCF9D6E24E508600025A7CA /* Info.plist */ = {isa = PBXFileReference; lastKnownFileType = text.plist.xml; path = Info.plist; sourceTree = "<group>"; };
		BFCF9D7324E508600025A7CA /* MediaMagicAssessmentTests.xctest */ = {isa = PBXFileReference; explicitFileType = wrapper.cfbundle; includeInIndex = 0; path = MediaMagicAssessmentTests.xctest; sourceTree = BUILT_PRODUCTS_DIR; };
		BFCF9D7724E508600025A7CA /* MediaMagicAssessmentTests.swift */ = {isa = PBXFileReference; lastKnownFileType = sourcecode.swift; path = MediaMagicAssessmentTests.swift; sourceTree = "<group>"; };
		BFCF9D7924E508600025A7CA /* Info.plist */ = {isa = PBXFileReference; lastKnownFileType = text.plist.xml; path = Info.plist; sourceTree = "<group>"; };
		BFCF9D7E24E508600025A7CA /* MediaMagicAssessmentUITests.xctest */ = {isa = PBXFileReference; explicitFileType = wrapper.cfbundle; includeInIndex = 0; path = MediaMagicAssessmentUITests.xctest; sourceTree = BUILT_PRODUCTS_DIR; };
		BFCF9D8224E508600025A7CA /* MediaMagicAssessmentUITests.swift */ = {isa = PBXFileReference; lastKnownFileType = sourcecode.swift; path = MediaMagicAssessmentUITests.swift; sourceTree = "<group>"; };
		BFCF9D8424E508600025A7CA /* Info.plist */ = {isa = PBXFileReference; lastKnownFileType = text.plist.xml; path = Info.plist; sourceTree = "<group>"; };
/* End PBXFileReference section */

/* Begin PBXFrameworksBuildPhase section */
		BFCF9D5A24E5085C0025A7CA /* Frameworks */ = {
			isa = PBXFrameworksBuildPhase;
			buildActionMask = 2147483647;
			files = (
			);
			runOnlyForDeploymentPostprocessing = 0;
		};
		BFCF9D7024E508600025A7CA /* Frameworks */ = {
			isa = PBXFrameworksBuildPhase;
			buildActionMask = 2147483647;
			files = (
			);
			runOnlyForDeploymentPostprocessing = 0;
		};
		BFCF9D7B24E508600025A7CA /* Frameworks */ = {
			isa = PBXFrameworksBuildPhase;
			buildActionMask = 2147483647;
			files = (
			);
			runOnlyForDeploymentPostprocessing = 0;
		};
/* End PBXFrameworksBuildPhase section */

/* Begin PBXGroup section */
		BFCF9D5424E5085C0025A7CA = {
			isa = PBXGroup;
			children = (
				BFCF9D5F24E5085C0025A7CA /* MediaMagicAssessment */,
				BFCF9D7624E508600025A7CA /* MediaMagicAssessmentTests */,
				BFCF9D8124E508600025A7CA /* MediaMagicAssessmentUITests */,
				BFCF9D5E24E5085C0025A7CA /* Products */,
			);
			sourceTree = "<group>";
		};
		BFCF9D5E24E5085C0025A7CA /* Products */ = {
			isa = PBXGroup;
			children = (
				BFCF9D5D24E5085C0025A7CA /* MediaMagicAssessment.app */,
				BFCF9D7324E508600025A7CA /* MediaMagicAssessmentTests.xctest */,
				BFCF9D7E24E508600025A7CA /* MediaMagicAssessmentUITests.xctest */,
			);
			name = Products;
			sourceTree = "<group>";
		};
		BFCF9D5F24E5085C0025A7CA /* MediaMagicAssessment */ = {
			isa = PBXGroup;
			children = (
				BFCF9D6024E5085C0025A7CA /* AppDelegate.swift */,
				BFCF9D6224E5085C0025A7CA /* SceneDelegate.swift */,
				BFCF9D6424E5085C0025A7CA /* ViewController.swift */,
				BFCF9D6624E5085C0025A7CA /* Main.storyboard */,
				BFCF9D6924E508600025A7CA /* Assets.xcassets */,
				BFCF9D6B24E508600025A7CA /* LaunchScreen.storyboard */,
				BFCF9D6E24E508600025A7CA /* Info.plist */,
			);
			path = MediaMagicAssessment;
			sourceTree = "<group>";
		};
		BFCF9D7624E508600025A7CA /* MediaMagicAssessmentTests */ = {
			isa = PBXGroup;
			children = (
				BFCF9D7724E508600025A7CA /* MediaMagicAssessmentTests.swift */,
				BFCF9D7924E508600025A7CA /* Info.plist */,
			);
			path = MediaMagicAssessmentTests;
			sourceTree = "<group>";
		};
		BFCF9D8124E508600025A7CA /* MediaMagicAssessmentUITests */ = {
			isa = PBXGroup;
			children = (
				BFCF9D8224E508600025A7CA /* MediaMagicAssessmentUITests.swift */,
				BFCF9D8424E508600025A7CA /* Info.plist */,
			);
			path = MediaMagicAssessmentUITests;
			sourceTree = "<group>";
		};
/* End PBXGroup section */

/* Begin PBXNativeTarget section */
		BFCF9D5C24E5085C0025A7CA /* MediaMagicAssessment */ = {
			isa = PBXNativeTarget;
			buildConfigurationList = BFCF9D8724E508600025A7CA /* Build configuration list for PBXNativeTarget "MediaMagicAssessment" */;
			buildPhases = (
				BFCF9D5924E5085C0025A7CA /* Sources */,
				BFCF9D5A24E5085C0025A7CA /* Frameworks */,
				BFCF9D5B24E5085C0025A7CA /* Resources */,
			);
			buildRules = (
			);
			dependencies = (
			);
			name = MediaMagicAssessment;
			productName = MediaMagicAssessment;
			productReference = BFCF9D5D24E5085C0025A7CA /* MediaMagicAssessment.app */;
			productType = "com.apple.product-type.application";
		};
		BFCF9D7224E508600025A7CA /* MediaMagicAssessmentTests */ = {
			isa = PBXNativeTarget;
			buildConfigurationList = BFCF9D8A24E508600025A7CA /* Build configuration list for PBXNativeTarget "MediaMagicAssessmentTests" */;
			buildPhases = (
				BFCF9D6F24E508600025A7CA /* Sources */,
				BFCF9D7024E508600025A7CA /* Frameworks */,
				BFCF9D7124E508600025A7CA /* Resources */,
			);
			buildRules = (
			);
			dependencies = (
				BFCF9D7524E508600025A7CA /* PBXTargetDependency */,
			);
			name = MediaMagicAssessmentTests;
			productName = MediaMagicAssessmentTests;
			productReference = BFCF9D7324E508600025A7CA /* MediaMagicAssessmentTests.xctest */;
			productType = "com.apple.product-type.bundle.unit-test";
		};
		BFCF9D7D24E508600025A7CA /* MediaMagicAssessmentUITests */ = {
			isa = PBXNativeTarget;
			buildConfigurationList = BFCF9D8D24E508600025A7CA /* Build configuration list for PBXNativeTarget "MediaMagicAssessmentUITests" */;
			buildPhases = (
				BFCF9D7A24E508600025A7CA /* Sources */,
				BFCF9D7B24E508600025A7CA /* Frameworks */,
				BFCF9D7C24E508600025A7CA /* Resources */,
			);
			buildRules = (
			);
			dependencies = (
				BFCF9D8024E508600025A7CA /* PBXTargetDependency */,
			);
			name = MediaMagicAssessmentUITests;
			productName = MediaMagicAssessmentUITests;
			productReference = BFCF9D7E24E508600025A7CA /* MediaMagicAssessmentUITests.xctest */;
			productType = "com.apple.product-type.bundle.ui-testing";
		};
/* End PBXNativeTarget section */

/* Begin PBXProject section */
		BFCF9D5524E5085C0025A7CA /* Project object */ = {
			isa = PBXProject;
			attributes = {
				LastSwiftUpdateCheck = 1160;
				LastUpgradeCheck = 1160;
				ORGANIZATIONNAME = "Subhash Kumar";
				TargetAttributes = {
					BFCF9D5C24E5085C0025A7CA = {
						CreatedOnToolsVersion = 11.6;
					};
					BFCF9D7224E508600025A7CA = {
						CreatedOnToolsVersion = 11.6;
						TestTargetID = BFCF9D5C24E5085C0025A7CA;
					};
					BFCF9D7D24E508600025A7CA = {
						CreatedOnToolsVersion = 11.6;
						TestTargetID = BFCF9D5C24E5085C0025A7CA;
					};
				};
			};
			buildConfigurationList = BFCF9D5824E5085C0025A7CA /* Build configuration list for PBXProject "MediaMagicAssessment" */;
			compatibilityVersion = "Xcode 9.3";
			developmentRegion = en;
			hasScannedForEncodings = 0;
			knownRegions = (
				en,
				Base,
			);
			mainGroup = BFCF9D5424E5085C0025A7CA;
			productRefGroup = BFCF9D5E24E5085C0025A7CA /* Products */;
			projectDirPath = "";
			projectRoot = "";
			targets = (
				BFCF9D5C24E5085C0025A7CA /* MediaMagicAssessment */,
				BFCF9D7224E508600025A7CA /* MediaMagicAssessmentTests */,
				BFCF9D7D24E508600025A7CA /* MediaMagicAssessmentUITests */,
			);
		};
/* End PBXProject section */

/* Begin PBXResourcesBuildPhase section */
		BFCF9D5B24E5085C0025A7CA /* Resources */ = {
			isa = PBXResourcesBuildPhase;
			buildActionMask = 2147483647;
			files = (
				BFCF9D6D24E508600025A7CA /* LaunchScreen.storyboard in Resources */,
				BFCF9D6A24E508600025A7CA /* Assets.xcassets in Resources */,
				BFCF9D6824E5085C0025A7CA /* Main.storyboard in Resources */,
			);
			runOnlyForDeploymentPostprocessing = 0;
		};
		BFCF9D7124E508600025A7CA /* Resources */ = {
			isa = PBXResourcesBuildPhase;
			buildActionMask = 2147483647;
			files = (
			);
			runOnlyForDeploymentPostprocessing = 0;
		};
		BFCF9D7C24E508600025A7CA /* Resources */ = {
			isa = PBXResourcesBuildPhase;
			buildActionMask = 2147483647;
			files = (
			);
			runOnlyForDeploymentPostprocessing = 0;
		};
/* End PBXResourcesBuildPhase section */

/* Begin PBXSourcesBuildPhase section */
		BFCF9D5924E5085C0025A7CA /* Sources */ = {
			isa = PBXSourcesBuildPhase;
			buildActionMask = 2147483647;
			files = (
				BFCF9D6524E5085C0025A7CA /* ViewController.swift in Sources */,
				BFCF9D6124E5085C0025A7CA /* AppDelegate.swift in Sources */,
				BFCF9D6324E5085C0025A7CA /* SceneDelegate.swift in Sources */,
			);
			runOnlyForDeploymentPostprocessing = 0;
		};
		BFCF9D6F24E508600025A7CA /* Sources */ = {
			isa = PBXSourcesBuildPhase;
			buildActionMask = 2147483647;
			files = (
				BFCF9D7824E508600025A7CA /* MediaMagicAssessmentTests.swift in Sources */,
			);
			runOnlyForDeploymentPostprocessing = 0;
		};
		BFCF9D7A24E508600025A7CA /* Sources */ = {
			isa = PBXSourcesBuildPhase;
			buildActionMask = 2147483647;
			files = (
				BFCF9D8324E508600025A7CA /* MediaMagicAssessmentUITests.swift in Sources */,
			);
			runOnlyForDeploymentPostprocessing = 0;
		};
/* End PBXSourcesBuildPhase section */

/* Begin PBXTargetDependency section */
		BFCF9D7524E508600025A7CA /* PBXTargetDependency */ = {
			isa = PBXTargetDependency;
			target = BFCF9D5C24E5085C0025A7CA /* MediaMagicAssessment */;
			targetProxy = BFCF9D7424E508600025A7CA /* PBXContainerItemProxy */;
		};
		BFCF9D8024E508600025A7CA /* PBXTargetDependency */ = {
			isa = PBXTargetDependency;
			target = BFCF9D5C24E5085C0025A7CA /* MediaMagicAssessment */;
			targetProxy = BFCF9D7F24E508600025A7CA /* PBXContainerItemProxy */;
		};
/* End PBXTargetDependency section */

/* Begin PBXVariantGroup section */
		BFCF9D6624E5085C0025A7CA /* Main.storyboard */ = {
			isa = PBXVariantGroup;
			children = (
				BFCF9D6724E5085C0025A7CA /* Base */,
			);
			name = Main.storyboard;
			sourceTree = "<group>";
		};
		BFCF9D6B24E508600025A7CA /* LaunchScreen.storyboard */ = {
			isa = PBXVariantGroup;
			children = (
				BFCF9D6C24E508600025A7CA /* Base */,
			);
			name = LaunchScreen.storyboard;
			sourceTree = "<group>";
		};
/* End PBXVariantGroup section */

/* Begin XCBuildConfiguration section */
		BFCF9D8524E508600025A7CA /* Debug */ = {
			isa = XCBuildConfiguration;
			buildSettings = {
				ALWAYS_SEARCH_USER_PATHS = NO;
				CLANG_ANALYZER_NONNULL = YES;
				CLANG_ANALYZER_NUMBER_OBJECT_CONVERSION = YES_AGGRESSIVE;
				CLANG_CXX_LANGUAGE_STANDARD = "gnu++14";
				CLANG_CXX_LIBRARY = "libc++";
				CLANG_ENABLE_MODULES = YES;
				CLANG_ENABLE_OBJC_ARC = YES;
				CLANG_ENABLE_OBJC_WEAK = YES;
				CLANG_WARN_BLOCK_CAPTURE_AUTORELEASING = YES;
				CLANG_WARN_BOOL_CONVERSION = YES;
				CLANG_WARN_COMMA = YES;
				CLANG_WARN_CONSTANT_CONVERSION = YES;
				CLANG_WARN_DEPRECATED_OBJC_IMPLEMENTATIONS = YES;
				CLANG_WARN_DIRECT_OBJC_ISA_USAGE = YES_ERROR;
				CLANG_WARN_DOCUMENTATION_COMMENTS = YES;
				CLANG_WARN_EMPTY_BODY = YES;
				CLANG_WARN_ENUM_CONVERSION = YES;
				CLANG_WARN_INFINITE_RECURSION = YES;
				CLANG_WARN_INT_CONVERSION = YES;
				CLANG_WARN_NON_LITERAL_NULL_CONVERSION = YES;
				CLANG_WARN_OBJC_IMPLICIT_RETAIN_SELF = YES;
				CLANG_WARN_OBJC_LITERAL_CONVERSION = YES;
				CLANG_WARN_OBJC_ROOT_CLASS = YES_ERROR;
				CLANG_WARN_RANGE_LOOP_ANALYSIS = YES;
				CLANG_WARN_STRICT_PROTOTYPES = YES;
				CLANG_WARN_SUSPICIOUS_MOVE = YES;
				CLANG_WARN_UNGUARDED_AVAILABILITY = YES_AGGRESSIVE;
				CLANG_WARN_UNREACHABLE_CODE = YES;
				CLANG_WARN__DUPLICATE_METHOD_MATCH = YES;
				COPY_PHASE_STRIP = NO;
				DEBUG_INFORMATION_FORMAT = dwarf;
				ENABLE_STRICT_OBJC_MSGSEND = YES;
				ENABLE_TESTABILITY = YES;
				GCC_C_LANGUAGE_STANDARD = gnu11;
				GCC_DYNAMIC_NO_PIC = NO;
				GCC_NO_COMMON_BLOCKS = YES;
				GCC_OPTIMIZATION_LEVEL = 0;
				GCC_PREPROCESSOR_DEFINITIONS = (
					"DEBUG=1",
					"$(inherited)",
				);
				GCC_WARN_64_TO_32_BIT_CONVERSION = YES;
				GCC_WARN_ABOUT_RETURN_TYPE = YES_ERROR;
				GCC_WARN_UNDECLARED_SELECTOR = YES;
				GCC_WARN_UNINITIALIZED_AUTOS = YES_AGGRESSIVE;
				GCC_WARN_UNUSED_FUNCTION = YES;
				GCC_WARN_UNUSED_VARIABLE = YES;
				IPHONEOS_DEPLOYMENT_TARGET = 13.6;
				MTL_ENABLE_DEBUG_INFO = INCLUDE_SOURCE;
				MTL_FAST_MATH = YES;
				ONLY_ACTIVE_ARCH = YES;
				SDKROOT = iphoneos;
				SWIFT_ACTIVE_COMPILATION_CONDITIONS = DEBUG;
				SWIFT_OPTIMIZATION_LEVEL = "-Onone";
			};
			name = Debug;
		};
		BFCF9D8624E508600025A7CA /* Release */ = {
			isa = XCBuildConfiguration;
			buildSettings = {
				ALWAYS_SEARCH_USER_PATHS = NO;
				CLANG_ANALYZER_NONNULL = YES;
				CLANG_ANALYZER_NUMBER_OBJECT_CONVERSION = YES_AGGRESSIVE;
				CLANG_CXX_LANGUAGE_STANDARD = "gnu++14";
				CLANG_CXX_LIBRARY = "libc++";
				CLANG_ENABLE_MODULES = YES;
				CLANG_ENABLE_OBJC_ARC = YES;
				CLANG_ENABLE_OBJC_WEAK = YES;
				CLANG_WARN_BLOCK_CAPTURE_AUTORELEASING = YES;
				CLANG_WARN_BOOL_CONVERSION = YES;
				CLANG_WARN_COMMA = YES;
				CLANG_WARN_CONSTANT_CONVERSION = YES;
				CLANG_WARN_DEPRECATED_OBJC_IMPLEMENTATIONS = YES;
				CLANG_WARN_DIRECT_OBJC_ISA_USAGE = YES_ERROR;
				CLANG_WARN_DOCUMENTATION_COMMENTS = YES;
				CLANG_WARN_EMPTY_BODY = YES;
				CLANG_WARN_ENUM_CONVERSION = YES;
				CLANG_WARN_INFINITE_RECURSION = YES;
				CLANG_WARN_INT_CONVERSION = YES;
				CLANG_WARN_NON_LITERAL_NULL_CONVERSION = YES;
				CLANG_WARN_OBJC_IMPLICIT_RETAIN_SELF = YES;
				CLANG_WARN_OBJC_LITERAL_CONVERSION = YES;
				CLANG_WARN_OBJC_ROOT_CLASS = YES_ERROR;
				CLANG_WARN_RANGE_LOOP_ANALYSIS = YES;
				CLANG_WARN_STRICT_PROTOTYPES = YES;
				CLANG_WARN_SUSPICIOUS_MOVE = YES;
				CLANG_WARN_UNGUARDED_AVAILABILITY = YES_AGGRESSIVE;
				CLANG_WARN_UNREACHABLE_CODE = YES;
				CLANG_WARN__DUPLICATE_METHOD_MATCH = YES;
				COPY_PHASE_STRIP = NO;
				DEBUG_INFORMATION_FORMAT = "dwarf-with-dsym";
				ENABLE_NS_ASSERTIONS = NO;
				ENABLE_STRICT_OBJC_MSGSEND = YES;
				GCC_C_LANGUAGE_STANDARD = gnu11;
				GCC_NO_COMMON_BLOCKS = YES;
				GCC_WARN_64_TO_32_BIT_CONVERSION = YES;
				GCC_WARN_ABOUT_RETURN_TYPE = YES_ERROR;
				GCC_WARN_UNDECLARED_SELECTOR = YES;
				GCC_WARN_UNINITIALIZED_AUTOS = YES_AGGRESSIVE;
				GCC_WARN_UNUSED_FUNCTION = YES;
				GCC_WARN_UNUSED_VARIABLE = YES;
				IPHONEOS_DEPLOYMENT_TARGET = 13.6;
				MTL_ENABLE_DEBUG_INFO = NO;
				MTL_FAST_MATH = YES;
				SDKROOT = iphoneos;
				SWIFT_COMPILATION_MODE = wholemodule;
				SWIFT_OPTIMIZATION_LEVEL = "-O";
				VALIDATE_PRODUCT = YES;
			};
			name = Release;
		};
		BFCF9D8824E508600025A7CA /* Debug */ = {
			isa = XCBuildConfiguration;
			buildSettings = {
				ASSETCATALOG_COMPILER_APPICON_NAME = AppIcon;
				CODE_SIGN_STYLE = Automatic;
				INFOPLIST_FILE = MediaMagicAssessment/Info.plist;
				LD_RUNPATH_SEARCH_PATHS = (
					"$(inherited)",
					"@executable_path/Frameworks",
				);
				PRODUCT_BUNDLE_IDENTIFIER = com.demo.MediaMagicAssessment;
				PRODUCT_NAME = "$(TARGET_NAME)";
				SWIFT_VERSION = 5.0;
				TARGETED_DEVICE_FAMILY = "1,2";
			};
			name = Debug;
		};
		BFCF9D8924E508600025A7CA /* Release */ = {
			isa = XCBuildConfiguration;
			buildSettings = {
				ASSETCATALOG_COMPILER_APPICON_NAME = AppIcon;
				CODE_SIGN_STYLE = Automatic;
				INFOPLIST_FILE = MediaMagicAssessment/Info.plist;
				LD_RUNPATH_SEARCH_PATHS = (
					"$(inherited)",
					"@executable_path/Frameworks",
				);
				PRODUCT_BUNDLE_IDENTIFIER = com.demo.MediaMagicAssessment;
				PRODUCT_NAME = "$(TARGET_NAME)";
				SWIFT_VERSION = 5.0;
				TARGETED_DEVICE_FAMILY = "1,2";
			};
			name = Release;
		};
		BFCF9D8B24E508600025A7CA /* Debug */ = {
			isa = XCBuildConfiguration;
			buildSettings = {
				ALWAYS_EMBED_SWIFT_STANDARD_LIBRARIES = YES;
				BUNDLE_LOADER = "$(TEST_HOST)";
				CODE_SIGN_STYLE = Automatic;
				INFOPLIST_FILE = MediaMagicAssessmentTests/Info.plist;
				IPHONEOS_DEPLOYMENT_TARGET = 13.6;
				LD_RUNPATH_SEARCH_PATHS = (
					"$(inherited)",
					"@executable_path/Frameworks",
					"@loader_path/Frameworks",
				);
				PRODUCT_BUNDLE_IDENTIFIER = com.demo.MediaMagicAssessmentTests;
				PRODUCT_NAME = "$(TARGET_NAME)";
				SWIFT_VERSION = 5.0;
				TARGETED_DEVICE_FAMILY = "1,2";
				TEST_HOST = "$(BUILT_PRODUCTS_DIR)/MediaMagicAssessment.app/MediaMagicAssessment";
			};
			name = Debug;
		};
		BFCF9D8C24E508600025A7CA /* Release */ = {
			isa = XCBuildConfiguration;
			buildSettings = {
				ALWAYS_EMBED_SWIFT_STANDARD_LIBRARIES = YES;
				BUNDLE_LOADER = "$(TEST_HOST)";
				CODE_SIGN_STYLE = Automatic;
				INFOPLIST_FILE = MediaMagicAssessmentTests/Info.plist;
				IPHONEOS_DEPLOYMENT_TARGET = 13.6;
				LD_RUNPATH_SEARCH_PATHS = (
					"$(inherited)",
					"@executable_path/Frameworks",
					"@loader_path/Frameworks",
				);
				PRODUCT_BUNDLE_IDENTIFIER = com.demo.MediaMagicAssessmentTests;
				PRODUCT_NAME = "$(TARGET_NAME)";
				SWIFT_VERSION = 5.0;
				TARGETED_DEVICE_FAMILY = "1,2";
				TEST_HOST = "$(BUILT_PRODUCTS_DIR)/MediaMagicAssessment.app/MediaMagicAssessment";
			};
			name = Release;
		};
		BFCF9D8E24E508600025A7CA /* Debug */ = {
			isa = XCBuildConfiguration;
			buildSettings = {
				ALWAYS_EMBED_SWIFT_STANDARD_LIBRARIES = YES;
				CODE_SIGN_STYLE = Automatic;
				INFOPLIST_FILE = MediaMagicAssessmentUITests/Info.plist;
				LD_RUNPATH_SEARCH_PATHS = (
					"$(inherited)",
					"@executable_path/Frameworks",
					"@loader_path/Frameworks",
				);
				PRODUCT_BUNDLE_IDENTIFIER = com.demo.MediaMagicAssessmentUITests;
				PRODUCT_NAME = "$(TARGET_NAME)";
				SWIFT_VERSION = 5.0;
				TARGETED_DEVICE_FAMILY = "1,2";
				TEST_TARGET_NAME = MediaMagicAssessment;
			};
			name = Debug;
		};
		BFCF9D8F24E508600025A7CA /* Release */ = {
			isa = XCBuildConfiguration;
			buildSettings = {
				ALWAYS_EMBED_SWIFT_STANDARD_LIBRARIES = YES;
				CODE_SIGN_STYLE = Automatic;
				INFOPLIST_FILE = MediaMagicAssessmentUITests/Info.plist;
				LD_RUNPATH_SEARCH_PATHS = (
					"$(inherited)",
					"@executable_path/Frameworks",
					"@loader_path/Frameworks",
				);
				PRODUCT_BUNDLE_IDENTIFIER = com.demo.MediaMagicAssessmentUITests;
				PRODUCT_NAME = "$(TARGET_NAME)";
				SWIFT_VERSION = 5.0;
				TARGETED_DEVICE_FAMILY = "1,2";
				TEST_TARGET_NAME = MediaMagicAssessment;
			};
			name = Release;
		};
/* End XCBuildConfiguration section */

/* Begin XCConfigurationList section */
		BFCF9D5824E5085C0025A7CA /* Build configuration list for PBXProject "MediaMagicAssessment" */ = {
			isa = XCConfigurationList;
			buildConfigurations = (
				BFCF9D8524E508600025A7CA /* Debug */,
				BFCF9D8624E508600025A7CA /* Release */,
			);
			defaultConfigurationIsVisible = 0;
			defaultConfigurationName = Release;
		};
		BFCF9D8724E508600025A7CA /* Build configuration list for PBXNativeTarget "MediaMagicAssessment" */ = {
			isa = XCConfigurationList;
			buildConfigurations = (
				BFCF9D8824E508600025A7CA /* Debug */,
				BFCF9D8924E508600025A7CA /* Release */,
			);
			defaultConfigurationIsVisible = 0;
			defaultConfigurationName = Release;
		};
		BFCF9D8A24E508600025A7CA /* Build configuration list for PBXNativeTarget "MediaMagicAssessmentTests" */ = {
			isa = XCConfigurationList;
			buildConfigurations = (
				BFCF9D8B24E508600025A7CA /* Debug */,
				BFCF9D8C24E508600025A7CA /* Release */,
			);
			defaultConfigurationIsVisible = 0;
			defaultConfigurationName = Release;
		};
		BFCF9D8D24E508600025A7CA /* Build configuration list for PBXNativeTarget "MediaMagicAssessmentUITests" */ = {
			isa = XCConfigurationList;
			buildConfigurations = (
				BFCF9D8E24E508600025A7CA /* Debug */,
				BFCF9D8F24E508600025A7CA /* Release */,
			);
			defaultConfigurationIsVisible = 0;
			defaultConfigurationName = Release;
		};
/* End XCConfigurationList section */
	};
	rootObject = BFCF9D5524E5085C0025A7CA /* Project object */;
}
